
Microsoft Visual Studio Solution File, Format Version 12.00
# Visual Studio Version 16
VisualStudioVersion = 16.0.32930.78
MinimumVisualStudioVersion = 10.0.40219.1
Project("{FAE04EC0-301F-11D3-BF4B-00C04F79EFBC}") = "question2", "question2\question2.csproj", "{F678B0B4-8B71-4A65-B813-9B36B793FA47}"
EndProject
Global
	GlobalSection(SolutionConfigurationPlatforms) = preSolution
		Debug|Any CPU = Debug|Any CPU
		Release|Any CPU = Release|Any CPU
	EndGlobalSection
	GlobalSection(ProjectConfigurationPlatforms) = postSolution
		{F678B0B4-8B71-4A65-B813-9B36B793FA47}.Debug|Any CPU.ActiveCfg = Debug|Any CPU
		{F678B0B4-8B71-4A65-B813-9B36B793FA47}.Debug|Any CPU.Build.0 = Debug|Any CPU
		{F678B0B4-8B71-4A65-B813-9B36B793FA47}.Release|Any CPU.ActiveCfg = Release|Any CPU
		{F678B0B4-8B71-4A65-B813-9B36B793FA47}.Release|Any CPU.Build.0 = Release|Any CPU
	EndGlobalSection
	GlobalSection(SolutionProperties) = preSolution
		HideSolutionNode = FALSE
	EndGlobalSection
	GlobalSection(ExtensibilityGlobals) = postSolution
		SolutionGuid = {5F1B327B-FE6C-42D7-8F11-CC3C6A723727}
	EndGlobalSection
EndGlobal
